
Microsoft Visual Studio Solution File, Format Version 12.00
# Visual Studio Version 16
VisualStudioVersion = 16.0.30611.23
MinimumVisualStudioVersion = 10.0.40219.1
Project("{FAE04EC0-301F-11D3-BF4B-00C04F79EFBC}") = "Diagonal Difference", "Diagonal Difference\Diagonal Difference.csproj", "{47B85270-CA28-40B9-B361-2353507EFA9A}"
EndProject
Global
	GlobalSection(SolutionConfigurationPlatforms) = preSolution
		Debug|Any CPU = Debug|Any CPU
		Release|Any CPU = Release|Any CPU
	EndGlobalSection
	GlobalSection(ProjectConfigurationPlatforms) = postSolution
		{47B85270-CA28-40B9-B361-2353507EFA9A}.Debug|Any CPU.ActiveCfg = Debug|Any CPU
		{47B85270-CA28-40B9-B361-2353507EFA9A}.Debug|Any CPU.Build.0 = Debug|Any CPU
		{47B85270-CA28-40B9-B361-2353507EFA9A}.Release|Any CPU.ActiveCfg = Release|Any CPU
		{47B85270-CA28-40B9-B361-2353507EFA9A}.Release|Any CPU.Build.0 = Release|Any CPU
	EndGlobalSection
	GlobalSection(SolutionProperties) = preSolution
		HideSolutionNode = FALSE
	EndGlobalSection
	GlobalSection(ExtensibilityGlobals) = postSolution
		SolutionGuid = {E1DE0E9D-475C-4F79-95DF-28B7E4AFC4BC}
	EndGlobalSection
EndGlobal
